// !$*UTF8*$!
{
	archiveVersion = 1;
	classes = {
	};
	objectVersion = 46;
	objects = {

/* Begin PBXBuildFile section */
		5C7B87751A70CA4E00780B76 /* main.m in Sources */ = {isa = PBXBuildFile; fileRef = 5C7B87741A70CA4E00780B76 /* main.m */; };
		5C7B87781A70CA4E00780B76 /* AppDelegate.m in Sources */ = {isa = PBXBuildFile; fileRef = 5C7B87771A70CA4E00780B76 /* AppDelegate.m */; };
		5C7B877B1A70CA4E00780B76 /* ViewController.m in Sources */ = {isa = PBXBuildFile; fileRef = 5C7B877A1A70CA4E00780B76 /* ViewController.m */; };
		5C7B877E1A70CA4E00780B76 /* Main.storyboard in Resources */ = {isa = PBXBuildFile; fileRef = 5C7B877C1A70CA4E00780B76 /* Main.storyboard */; };
		5C7B87801A70CA4E00780B76 /* Images.xcassets in Resources */ = {isa = PBXBuildFile; fileRef = 5C7B877F1A70CA4E00780B76 /* Images.xcassets */; };
		5C7B87831A70CA4E00780B76 /* LaunchScreen.xib in Resources */ = {isa = PBXBuildFile; fileRef = 5C7B87811A70CA4E00780B76 /* LaunchScreen.xib */; };
		5C7B878F1A70CA4E00780B76 /* xib_csTests.m in Sources */ = {isa = PBXBuildFile; fileRef = 5C7B878E1A70CA4E00780B76 /* xib_csTests.m */; };
/* End PBXBuildFile section */

/* Begin PBXContainerItemProxy section */
		5C7B87891A70CA4E00780B76 /* PBXContainerItemProxy */ = {
			isa = PBXContainerItemProxy;
			containerPortal = 5C7B87671A70CA4E00780B76 /* Project object */;
			proxyType = 1;
			remoteGlobalIDString = 5C7B876E1A70CA4E00780B76;
			remoteInfo = xib_cs;
		};
/* End PBXContainerItemProxy section */

/* Begin PBXFileReference section */
		5C7B876F1A70CA4E00780B76 /* xib_cs.app */ = {isa = PBXFileReference; explicitFileType = wrapper.application; includeInIndex = 0; path = xib_cs.app; sourceTree = BUILT_PRODUCTS_DIR; };
		5C7B87731A70CA4E00780B76 /* Info.plist */ = {isa = PBXFileReference; lastKnownFileType = text.plist.xml; path = Info.plist; sourceTree = "<group>"; };
		5C7B87741A70CA4E00780B76 /* main.m */ = {isa = PBXFileReference; lastKnownFileType = sourcecode.c.objc; path = main.m; sourceTree = "<group>"; };
		5C7B87761A70CA4E00780B76 /* AppDelegate.h */ = {isa = PBXFileReference; lastKnownFileType = sourcecode.c.h; path = AppDelegate.h; sourceTree = "<group>"; };
		5C7B87771A70CA4E00780B76 /* AppDelegate.m */ = {isa = PBXFileReference; lastKnownFileType = sourcecode.c.objc; path = AppDelegate.m; sourceTree = "<group>"; };
		5C7B87791A70CA4E00780B76 /* ViewController.h */ = {isa = PBXFileReference; lastKnownFileType = sourcecode.c.h; path = ViewController.h; sourceTree = "<group>"; };
		5C7B877A1A70CA4E00780B76 /* ViewController.m */ = {isa = PBXFileReference; lastKnownFileType = sourcecode.c.objc; path = ViewController.m; sourceTree = "<group>"; };
		5C7B877D1A70CA4E00780B76 /* Base */ = {isa = PBXFileReference; lastKnownFileType = file.storyboard; name = Base; path = Base.lproj/Main.storyboard; sourceTree = "<group>"; };
		5C7B877F1A70CA4E00780B76 /* Images.xcassets */ = {isa = PBXFileReference; lastKnownFileType = folder.assetcatalog; path = Images.xcassets; sourceTree = "<group>"; };
		5C7B87821A70CA4E00780B76 /* Base */ = {isa = PBXFileReference; lastKnownFileType = file.xib; name = Base; path = Base.lproj/LaunchScreen.xib; sourceTree = "<group>"; };
		5C7B87881A70CA4E00780B76 /* xib_csTests.xctest */ = {isa = PBXFileReference; explicitFileType = wrapper.cfbundle; includeInIndex = 0; path = xib_csTests.xctest; sourceTree = BUILT_PRODUCTS_DIR; };
		5C7B878D1A70CA4E00780B76 /* Info.plist */ = {isa = PBXFileReference; lastKnownFileType = text.plist.xml; path = Info.plist; sourceTree = "<group>"; };
		5C7B878E1A70CA4E00780B76 /* xib_csTests.m */ = {isa = PBXFileReference; lastKnownFileType = sourcecode.c.objc; path = xib_csTests.m; sourceTree = "<group>"; };
/* End PBXFileReference section */

/* Begin PBXFrameworksBuildPhase section */
		5C7B876C1A70CA4E00780B76 /* Frameworks */ = {
			isa = PBXFrameworksBuildPhase;
			buildActionMask = 2147483647;
			files = (
			);
			runOnlyForDeploymentPostprocessing = 0;
		};
		5C7B87851A70CA4E00780B76 /* Frameworks */ = {
			isa = PBXFrameworksBuildPhase;
			buildActionMask = 2147483647;
			files = (
			);
			runOnlyForDeploymentPostprocessing = 0;
		};
/* End PBXFrameworksBuildPhase section */

/* Begin PBXGroup section */
		5C7B87661A70CA4E00780B76 = {
			isa = PBXGroup;
			children = (
				5C7B87711A70CA4E00780B76 /* xib_cs */,
				5C7B878B1A70CA4E00780B76 /* xib_csTests */,
				5C7B87701A70CA4E00780B76 /* Products */,
			);
			sourceTree = "<group>";
		};
		5C7B87701A70CA4E00780B76 /* Products */ = {
			isa = PBXGroup;
			children = (
				5C7B876F1A70CA4E00780B76 /* xib_cs.app */,
				5C7B87881A70CA4E00780B76 /* xib_csTests.xctest */,
			);
			name = Products;
			sourceTree = "<group>";
		};
		5C7B87711A70CA4E00780B76 /* xib_cs */ = {
			isa = PBXGroup;
			children = (
				5C7B87761A70CA4E00780B76 /* AppDelegate.h */,
				5C7B87771A70CA4E00780B76 /* AppDelegate.m */,
				5C7B87791A70CA4E00780B76 /* ViewController.h */,
				5C7B877A1A70CA4E00780B76 /* ViewController.m */,
				5C7B877C1A70CA4E00780B76 /* Main.storyboard */,
				5C7B877F1A70CA4E00780B76 /* Images.xcassets */,
				5C7B87811A70CA4E00780B76 /* LaunchScreen.xib */,
				5C7B87721A70CA4E00780B76 /* Supporting Files */,
			);
			path = xib_cs;
			sourceTree = "<group>";
		};
		5C7B87721A70CA4E00780B76 /* Supporting Files */ = {
			isa = PBXGroup;
			children = (
				5C7B87731A70CA4E00780B76 /* Info.plist */,
				5C7B87741A70CA4E00780B76 /* main.m */,
			);
			name = "Supporting Files";
			sourceTree = "<group>";
		};
		5C7B878B1A70CA4E00780B76 /* xib_csTests */ = {
			isa = PBXGroup;
			children = (
				5C7B878E1A70CA4E00780B76 /* xib_csTests.m */,
				5C7B878C1A70CA4E00780B76 /* Supporting Files */,
			);
			path = xib_csTests;
			sourceTree = "<group>";
		};
		5C7B878C1A70CA4E00780B76 /* Supporting Files */ = {
			isa = PBXGroup;
			children = (
				5C7B878D1A70CA4E00780B76 /* Info.plist */,
			);
			name = "Supporting Files";
			sourceTree = "<group>";
		};
/* End PBXGroup section */

/* Begin PBXNativeTarget section */
		5C7B876E1A70CA4E00780B76 /* xib_cs */ = {
			isa = PBXNativeTarget;
			buildConfigurationList = 5C7B87921A70CA4E00780B76 /* Build configuration list for PBXNativeTarget "xib_cs" */;
			buildPhases = (
				5C7B876B1A70CA4E00780B76 /* Sources */,
				5C7B876C1A70CA4E00780B76 /* Frameworks */,
				5C7B876D1A70CA4E00780B76 /* Resources */,
			);
			buildRules = (
			);
			dependencies = (
			);
			name = xib_cs;
			productName = xib_cs;
			productReference = 5C7B876F1A70CA4E00780B76 /* xib_cs.app */;
			productType = "com.apple.product-type.application";
		};
		5C7B87871A70CA4E00780B76 /* xib_csTests */ = {
			isa = PBXNativeTarget;
			buildConfigurationList = 5C7B87951A70CA4E00780B76 /* Build configuration list for PBXNativeTarget "xib_csTests" */;
			buildPhases = (
				5C7B87841A70CA4E00780B76 /* Sources */,
				5C7B87851A70CA4E00780B76 /* Frameworks */,
				5C7B87861A70CA4E00780B76 /* Resources */,
			);
			buildRules = (
			);
			dependencies = (
				5C7B878A1A70CA4E00780B76 /* PBXTargetDependency */,
			);
			name = xib_csTests;
			productName = xib_csTests;
			productReference = 5C7B87881A70CA4E00780B76 /* xib_csTests.xctest */;
			productType = "com.apple.product-type.bundle.unit-test";
		};
/* End PBXNativeTarget section */

/* Begin PBXProject section */
		5C7B87671A70CA4E00780B76 /* Project object */ = {
			isa = PBXProject;
			attributes = {
				LastUpgradeCheck = 0610;
				ORGANIZATIONNAME = sxp;
				TargetAttributes = {
					5C7B876E1A70CA4E00780B76 = {
						CreatedOnToolsVersion = 6.1.1;
					};
					5C7B87871A70CA4E00780B76 = {
						CreatedOnToolsVersion = 6.1.1;
						TestTargetID = 5C7B876E1A70CA4E00780B76;
					};
				};
			};
			buildConfigurationList = 5C7B876A1A70CA4E00780B76 /* Build configuration list for PBXProject "xib_cs" */;
			compatibilityVersion = "Xcode 3.2";
			developmentRegion = English;
			hasScannedForEncodings = 0;
			knownRegions = (
				en,
				Base,
			);
			mainGroup = 5C7B87661A70CA4E00780B76;
			productRefGroup = 5C7B87701A70CA4E00780B76 /* Products */;
			projectDirPath = "";
			projectRoot = "";
			targets = (
				5C7B876E1A70CA4E00780B76 /* xib_cs */,
				5C7B87871A70CA4E00780B76 /* xib_csTests */,
			);
		};
/* End PBXProject section */

/* Begin PBXResourcesBuildPhase section */
		5C7B876D1A70CA4E00780B76 /* Resources */ = {
			isa = PBXResourcesBuildPhase;
			buildActionMask = 2147483647;
			files = (
				5C7B877E1A70CA4E00780B76 /* Main.storyboard in Resources */,
				5C7B87831A70CA4E00780B76 /* LaunchScreen.xib in Resources */,
				5C7B87801A70CA4E00780B76 /* Images.xcassets in Resources */,
			);
			runOnlyForDeploymentPostprocessing = 0;
		};
		5C7B87861A70CA4E00780B76 /* Resources */ = {
			isa = PBXResourcesBuildPhase;
			buildActionMask = 2147483647;
			files = (
			);
			runOnlyForDeploymentPostprocessing = 0;
		};
/* End PBXResourcesBuildPhase section */

/* Begin PBXSourcesBuildPhase section */
		5C7B876B1A70CA4E00780B76 /* Sources */ = {
			isa = PBXSourcesBuildPhase;
			buildActionMask = 2147483647;
			files = (
				5C7B877B1A70CA4E00780B76 /* ViewController.m in Sources */,
				5C7B87781A70CA4E00780B76 /* AppDelegate.m in Sources */,
				5C7B87751A70CA4E00780B76 /* main.m in Sources */,
			);
			runOnlyForDeploymentPostprocessing = 0;
		};
		5C7B87841A70CA4E00780B76 /* Sources */ = {
			isa = PBXSourcesBuildPhase;
			buildActionMask = 2147483647;
			files = (
				5C7B878F1A70CA4E00780B76 /* xib_csTests.m in Sources */,
			);
			runOnlyForDeploymentPostprocessing = 0;
		};
/* End PBXSourcesBuildPhase section */

/* Begin PBXTargetDependency section */
		5C7B878A1A70CA4E00780B76 /* PBXTargetDependency */ = {
			isa = PBXTargetDependency;
			target = 5C7B876E1A70CA4E00780B76 /* xib_cs */;
			targetProxy = 5C7B87891A70CA4E00780B76 /* PBXContainerItemProxy */;
		};
/* End PBXTargetDependency section */

/* Begin PBXVariantGroup section */
		5C7B877C1A70CA4E00780B76 /* Main.storyboard */ = {
			isa = PBXVariantGroup;
			children = (
				5C7B877D1A70CA4E00780B76 /* Base */,
			);
			name = Main.storyboard;
			sourceTree = "<group>";
		};
		5C7B87811A70CA4E00780B76 /* LaunchScreen.xib */ = {
			isa = PBXVariantGroup;
			children = (
				5C7B87821A70CA4E00780B76 /* Base */,
			);
			name = LaunchScreen.xib;
			sourceTree = "<group>";
		};
/* End PBXVariantGroup section */

/* Begin XCBuildConfiguration section */
		5C7B87901A70CA4E00780B76 /* Debug */ = {
			isa = XCBuildConfiguration;
			buildSettings = {
				ALWAYS_SEARCH_USER_PATHS = NO;
				CLANG_CXX_LANGUAGE_STANDARD = "gnu++0x";
				CLANG_CXX_LIBRARY = "libc++";
				CLANG_ENABLE_MODULES = YES;
				CLANG_ENABLE_OBJC_ARC = YES;
				CLANG_WARN_BOOL_CONVERSION = YES;
				CLANG_WARN_CONSTANT_CONVERSION = YES;
				CLANG_WARN_DIRECT_OBJC_ISA_USAGE = YES_ERROR;
				CLANG_WARN_EMPTY_BODY = YES;
				CLANG_WARN_ENUM_CONVERSION = YES;
				CLANG_WARN_INT_CONVERSION = YES;
				CLANG_WARN_OBJC_ROOT_CLASS = YES_ERROR;
				CLANG_WARN_UNREACHABLE_CODE = YES;
				CLANG_WARN__DUPLICATE_METHOD_MATCH = YES;
				"CODE_SIGN_IDENTITY[sdk=iphoneos*]" = "iPhone Developer";
				COPY_PHASE_STRIP = NO;
				ENABLE_STRICT_OBJC_MSGSEND = YES;
				GCC_C_LANGUAGE_STANDARD = gnu99;
				GCC_DYNAMIC_NO_PIC = NO;
				GCC_OPTIMIZATION_LEVEL = 0;
				GCC_PREPROCESSOR_DEFINITIONS = (
					"DEBUG=1",
					"$(inherited)",
				);
				GCC_SYMBOLS_PRIVATE_EXTERN = NO;
				GCC_WARN_64_TO_32_BIT_CONVERSION = YES;
				GCC_WARN_ABOUT_RETURN_TYPE = YES_ERROR;
				GCC_WARN_UNDECLARED_SELECTOR = YES;
				GCC_WARN_UNINITIALIZED_AUTOS = YES_AGGRESSIVE;
				GCC_WARN_UNUSED_FUNCTION = YES;
				GCC_WARN_UNUSED_VARIABLE = YES;
				IPHONEOS_DEPLOYMENT_TARGET = 8.1;
				MTL_ENABLE_DEBUG_INFO = YES;
				ONLY_ACTIVE_ARCH = YES;
				SDKROOT = iphoneos;
			};
			name = Debug;
		};
		5C7B87911A70CA4E00780B76 /* Release */ = {
			isa = XCBuildConfiguration;
			buildSettings = {
				ALWAYS_SEARCH_USER_PATHS = NO;
				CLANG_CXX_LANGUAGE_STANDARD = "gnu++0x";
				CLANG_CXX_LIBRARY = "libc++";
				CLANG_ENABLE_MODULES = YES;
				CLANG_ENABLE_OBJC_ARC = YES;
				CLANG_WARN_BOOL_CONVERSION = YES;
				CLANG_WARN_CONSTANT_CONVERSION = YES;
				CLANG_WARN_DIRECT_OBJC_ISA_USAGE = YES_ERROR;
				CLANG_WARN_EMPTY_BODY = YES;
				CLANG_WARN_ENUM_CONVERSION = YES;
				CLANG_WARN_INT_CONVERSION = YES;
				CLANG_WARN_OBJC_ROOT_CLASS = YES_ERROR;
				CLANG_WARN_UNREACHABLE_CODE = YES;
				CLANG_WARN__DUPLICATE_METHOD_MATCH = YES;
				"CODE_SIGN_IDENTITY[sdk=iphoneos*]" = "iPhone Developer";
				COPY_PHASE_STRIP = YES;
				ENABLE_NS_ASSERTIONS = NO;
				ENABLE_STRICT_OBJC_MSGSEND = YES;
				GCC_C_LANGUAGE_STANDARD = gnu99;
				GCC_WARN_64_TO_32_BIT_CONVERSION = YES;
				GCC_WARN_ABOUT_RETURN_TYPE = YES_ERROR;
				GCC_WARN_UNDECLARED_SELECTOR = YES;
				GCC_WARN_UNINITIALIZED_AUTOS = YES_AGGRESSIVE;
				GCC_WARN_UNUSED_FUNCTION = YES;
				GCC_WARN_UNUSED_VARIABLE = YES;
				IPHONEOS_DEPLOYMENT_TARGET = 8.1;
				MTL_ENABLE_DEBUG_INFO = NO;
				SDKROOT = iphoneos;
				VALIDATE_PRODUCT = YES;
			};
			name = Release;
		};
		5C7B87931A70CA4E00780B76 /* Debug */ = {
			isa = XCBuildConfiguration;
			buildSettings = {
				ASSETCATALOG_COMPILER_APPICON_NAME = AppIcon;
				INFOPLIST_FILE = xib_cs/Info.plist;
				LD_RUNPATH_SEARCH_PATHS = "$(inherited) @executable_path/Frameworks";
				PRODUCT_NAME = "$(TARGET_NAME)";
			};
			name = Debug;
		};
		5C7B87941A70CA4E00780B76 /* Release */ = {
			isa = XCBuildConfiguration;
			buildSettings = {
				ASSETCATALOG_COMPILER_APPICON_NAME = AppIcon;
				INFOPLIST_FILE = xib_cs/Info.plist;
				LD_RUNPATH_SEARCH_PATHS = "$(inherited) @executable_path/Frameworks";
				PRODUCT_NAME = "$(TARGET_NAME)";
			};
			name = Release;
		};
		5C7B87961A70CA4E00780B76 /* Debug */ = {
			isa = XCBuildConfiguration;
			buildSettings = {
				BUNDLE_LOADER = "$(TEST_HOST)";
				FRAMEWORK_SEARCH_PATHS = (
					"$(SDKROOT)/Developer/Library/Frameworks",
					"$(inherited)",
				);
				GCC_PREPROCESSOR_DEFINITIONS = (
					"DEBUG=1",
					"$(inherited)",
				);
				INFOPLIST_FILE = xib_csTests/Info.plist;
				LD_RUNPATH_SEARCH_PATHS = "$(inherited) @executable_path/Frameworks @loader_path/Frameworks";
				PRODUCT_NAME = "$(TARGET_NAME)";
				TEST_HOST = "$(BUILT_PRODUCTS_DIR)/xib_cs.app/xib_cs";
			};
			name = Debug;
		};
		5C7B87971A70CA4E00780B76 /* Release */ = {
			isa = XCBuildConfiguration;
			buildSettings = {
				BUNDLE_LOADER = "$(TEST_HOST)";
				FRAMEWORK_SEARCH_PATHS = (
					"$(SDKROOT)/Developer/Library/Frameworks",
					"$(inherited)",
				);
				INFOPLIST_FILE = xib_csTests/Info.plist;
				LD_RUNPATH_SEARCH_PATHS = "$(inherited) @executable_path/Frameworks @loader_path/Frameworks";
				PRODUCT_NAME = "$(TARGET_NAME)";
				TEST_HOST = "$(BUILT_PRODUCTS_DIR)/xib_cs.app/xib_cs";
			};
			name = Release;
		};
/* End XCBuildConfiguration section */

/* Begin XCConfigurationList section */
		5C7B876A1A70CA4E00780B76 /* Build configuration list for PBXProject "xib_cs" */ = {
			isa = XCConfigurationList;
			buildConfigurations = (
				5C7B87901A70CA4E00780B76 /* Debug */,
				5C7B87911A70CA4E00780B76 /* Release */,
			);
			defaultConfigurationIsVisible = 0;
			defaultConfigurationName = Release;
		};
		5C7B87921A70CA4E00780B76 /* Build configuration list for PBXNativeTarget "xib_cs" */ = {
			isa = XCConfigurationList;
			buildConfigurations = (
				5C7B87931A70CA4E00780B76 /* Debug */,
				5C7B87941A70CA4E00780B76 /* Release */,
			);
			defaultConfigurationIsVisible = 0;
		};
		5C7B87951A70CA4E00780B76 /* Build configuration list for PBXNativeTarget "xib_csTests" */ = {
			isa = XCConfigurationList;
			buildConfigurations = (
				5C7B87961A70CA4E00780B76 /* Debug */,
				5C7B87971A70CA4E00780B76 /* Release */,
			);
			defaultConfigurationIsVisible = 0;
		};
/* End XCConfigurationList section */
	};
	rootObject = 5C7B87671A70CA4E00780B76 /* Project object */;
}
